
Microsoft Visual Studio Solution File, Format Version 12.00
Project("{FAE04EC0-301F-11D3-BF4B-00C04F79EFBC}") = "BasicThreading", "BasicThreading.csproj", "{379DF616-4F4C-474B-A81F-124995ECCA82}"
EndProject
Global
	GlobalSection(SolutionConfigurationPlatforms) = preSolution
		Debug|Any CPU = Debug|Any CPU
		Release|Any CPU = Release|Any CPU
	EndGlobalSection
	GlobalSection(ProjectConfigurationPlatforms) = postSolution
		{379DF616-4F4C-474B-A81F-124995ECCA82}.Debug|Any CPU.ActiveCfg = Debug|Any CPU
		{379DF616-4F4C-474B-A81F-124995ECCA82}.Debug|Any CPU.Build.0 = Debug|Any CPU
		{379DF616-4F4C-474B-A81F-124995ECCA82}.Release|Any CPU.ActiveCfg = Release|Any CPU
		{379DF616-4F4C-474B-A81F-124995ECCA82}.Release|Any CPU.Build.0 = Release|Any CPU
	EndGlobalSection
EndGlobal
