
Microsoft Visual Studio Solution File, Format Version 12.00
Project("{FAE04EC0-301F-11D3-BF4B-00C04F79EFBC}") = "BasicQueuingCashier", "BasicQueuingCashier.csproj", "{EEEE5615-9F82-476D-90D4-32DC7D3FBE09}"
EndProject
Global
	GlobalSection(SolutionConfigurationPlatforms) = preSolution
		Debug|Any CPU = Debug|Any CPU
		Release|Any CPU = Release|Any CPU
	EndGlobalSection
	GlobalSection(ProjectConfigurationPlatforms) = postSolution
		{EEEE5615-9F82-476D-90D4-32DC7D3FBE09}.Debug|Any CPU.ActiveCfg = Debug|Any CPU
		{EEEE5615-9F82-476D-90D4-32DC7D3FBE09}.Debug|Any CPU.Build.0 = Debug|Any CPU
		{EEEE5615-9F82-476D-90D4-32DC7D3FBE09}.Release|Any CPU.ActiveCfg = Release|Any CPU
		{EEEE5615-9F82-476D-90D4-32DC7D3FBE09}.Release|Any CPU.Build.0 = Release|Any CPU
	EndGlobalSection
EndGlobal
